
Microsoft Visual Studio Solution File, Format Version 12.00
# Visual Studio Version 16
VisualStudioVersion = 16.0.29215.179
MinimumVisualStudioVersion = 10.0.40219.1
Project("{FAE04EC0-301F-11D3-BF4B-00C04F79EFBC}") = "GradebookFinal.UWP", "GradebookFinal\GradebookFinal.UWP\GradebookFinal.UWP.csproj", "{D8B320EC-E6B1-437C-8A4E-63730D2FF071}"
EndProject
Project("{FAE04EC0-301F-11D3-BF4B-00C04F79EFBC}") = "GradebookFinal.Android", "GradebookFinal\GradebookFinal.Android\GradebookFinal.Android.csproj", "{6B7F692E-FAC0-4444-B919-63C0F853FC85}"
EndProject
Project("{FAE04EC0-301F-11D3-BF4B-00C04F79EFBC}") = "GradebookFinal.iOS", "GradebookFinal\GradebookFinal.iOS\GradebookFinal.iOS.csproj", "{996F6DA6-E1F7-4CD5-A9C6-3833706EE259}"
EndProject
Project("{FAE04EC0-301F-11D3-BF4B-00C04F79EFBC}") = "GradebookFinal.MobileAppService", "GradebookFinal\GradebookFinal.MobileAppService\GradebookFinal.MobileAppService.csproj", "{C8564AED-C5D9-4377-B54A-7E7CD3B408B0}"
EndProject
Project("{FAE04EC0-301F-11D3-BF4B-00C04F79EFBC}") = "GradebookFinal", "GradebookFinal\GradebookFinal\GradebookFinal.csproj", "{06EB8172-662D-4DE6-9676-22B78D531988}"
EndProject
Global
	GlobalSection(SolutionConfigurationPlatforms) = preSolution
		Debug|Any CPU = Debug|Any CPU
		Debug|ARM = Debug|ARM
		Debug|iPhone = Debug|iPhone
		Debug|iPhoneSimulator = Debug|iPhoneSimulator
		Debug|x64 = Debug|x64
		Debug|x86 = Debug|x86
		Release|Any CPU = Release|Any CPU
		Release|ARM = Release|ARM
		Release|iPhone = Release|iPhone
		Release|iPhoneSimulator = Release|iPhoneSimulator
		Release|x64 = Release|x64
		Release|x86 = Release|x86
	EndGlobalSection
	GlobalSection(ProjectConfigurationPlatforms) = postSolution
		{D8B320EC-E6B1-437C-8A4E-63730D2FF071}.Debug|Any CPU.ActiveCfg = Debug|x86
		{D8B320EC-E6B1-437C-8A4E-63730D2FF071}.Debug|Any CPU.Build.0 = Debug|x86
		{D8B320EC-E6B1-437C-8A4E-63730D2FF071}.Debug|Any CPU.Deploy.0 = Debug|x86
		{D8B320EC-E6B1-437C-8A4E-63730D2FF071}.Debug|ARM.ActiveCfg = Debug|ARM
		{D8B320EC-E6B1-437C-8A4E-63730D2FF071}.Debug|ARM.Build.0 = Debug|ARM
		{D8B320EC-E6B1-437C-8A4E-63730D2FF071}.Debug|ARM.Deploy.0 = Debug|ARM
		{D8B320EC-E6B1-437C-8A4E-63730D2FF071}.Debug|iPhone.ActiveCfg = Debug|x86
		{D8B320EC-E6B1-437C-8A4E-63730D2FF071}.Debug|iPhone.Build.0 = Debug|x86
		{D8B320EC-E6B1-437C-8A4E-63730D2FF071}.Debug|iPhone.Deploy.0 = Debug|x86
		{D8B320EC-E6B1-437C-8A4E-63730D2FF071}.Debug|iPhoneSimulator.ActiveCfg = Debug|x86
		{D8B320EC-E6B1-437C-8A4E-63730D2FF071}.Debug|iPhoneSimulator.Build.0 = Debug|x86
		{D8B320EC-E6B1-437C-8A4E-63730D2FF071}.Debug|iPhoneSimulator.Deploy.0 = Debug|x86
		{D8B320EC-E6B1-437C-8A4E-63730D2FF071}.Debug|x64.ActiveCfg = Debug|x64
		{D8B320EC-E6B1-437C-8A4E-63730D2FF071}.Debug|x64.Build.0 = Debug|x64
		{D8B320EC-E6B1-437C-8A4E-63730D2FF071}.Debug|x64.Deploy.0 = Debug|x64
		{D8B320EC-E6B1-437C-8A4E-63730D2FF071}.Debug|x86.ActiveCfg = Debug|x86
		{D8B320EC-E6B1-437C-8A4E-63730D2FF071}.Debug|x86.Build.0 = Debug|x86
		{D8B320EC-E6B1-437C-8A4E-63730D2FF071}.Debug|x86.Deploy.0 = Debug|x86
		{D8B320EC-E6B1-437C-8A4E-63730D2FF071}.Release|Any CPU.ActiveCfg = Release|x86
		{D8B320EC-E6B1-437C-8A4E-63730D2FF071}.Release|Any CPU.Build.0 = Release|x86
		{D8B320EC-E6B1-437C-8A4E-63730D2FF071}.Release|Any CPU.Deploy.0 = Release|x86
		{D8B320EC-E6B1-437C-8A4E-63730D2FF071}.Release|ARM.ActiveCfg = Release|ARM
		{D8B320EC-E6B1-437C-8A4E-63730D2FF071}.Release|ARM.Build.0 = Release|ARM
		{D8B320EC-E6B1-437C-8A4E-63730D2FF071}.Release|ARM.Deploy.0 = Release|ARM
		{D8B320EC-E6B1-437C-8A4E-63730D2FF071}.Release|iPhone.ActiveCfg = Release|x86
		{D8B320EC-E6B1-437C-8A4E-63730D2FF071}.Release|iPhone.Build.0 = Release|x86
		{D8B320EC-E6B1-437C-8A4E-63730D2FF071}.Release|iPhone.Deploy.0 = Release|x86
		{D8B320EC-E6B1-437C-8A4E-63730D2FF071}.Release|iPhoneSimulator.ActiveCfg = Release|x86
		{D8B320EC-E6B1-437C-8A4E-63730D2FF071}.Release|iPhoneSimulator.Build.0 = Release|x86
		{D8B320EC-E6B1-437C-8A4E-63730D2FF071}.Release|iPhoneSimulator.Deploy.0 = Release|x86
		{D8B320EC-E6B1-437C-8A4E-63730D2FF071}.Release|x64.ActiveCfg = Release|x64
		{D8B320EC-E6B1-437C-8A4E-63730D2FF071}.Release|x64.Build.0 = Release|x64
		{D8B320EC-E6B1-437C-8A4E-63730D2FF071}.Release|x64.Deploy.0 = Release|x64
		{D8B320EC-E6B1-437C-8A4E-63730D2FF071}.Release|x86.ActiveCfg = Release|x86
		{D8B320EC-E6B1-437C-8A4E-63730D2FF071}.Release|x86.Build.0 = Release|x86
		{D8B320EC-E6B1-437C-8A4E-63730D2FF071}.Release|x86.Deploy.0 = Release|x86
		{6B7F692E-FAC0-4444-B919-63C0F853FC85}.Debug|Any CPU.ActiveCfg = Debug|Any CPU
		{6B7F692E-FAC0-4444-B919-63C0F853FC85}.Debug|Any CPU.Build.0 = Debug|Any CPU
		{6B7F692E-FAC0-4444-B919-63C0F853FC85}.Debug|Any CPU.Deploy.0 = Debug|Any CPU
		{6B7F692E-FAC0-4444-B919-63C0F853FC85}.Debug|ARM.ActiveCfg = Debug|Any CPU
		{6B7F692E-FAC0-4444-B919-63C0F853FC85}.Debug|ARM.Build.0 = Debug|Any CPU
		{6B7F692E-FAC0-4444-B919-63C0F853FC85}.Debug|ARM.Deploy.0 = Debug|Any CPU
		{6B7F692E-FAC0-4444-B919-63C0F853FC85}.Debug|iPhone.ActiveCfg = Debug|Any CPU
		{6B7F692E-FAC0-4444-B919-63C0F853FC85}.Debug|iPhone.Build.0 = Debug|Any CPU
		{6B7F692E-FAC0-4444-B919-63C0F853FC85}.Debug|iPhone.Deploy.0 = Debug|Any CPU
		{6B7F692E-FAC0-4444-B919-63C0F853FC85}.Debug|iPhoneSimulator.ActiveCfg = Debug|Any CPU
		{6B7F692E-FAC0-4444-B919-63C0F853FC85}.Debug|iPhoneSimulator.Build.0 = Debug|Any CPU
		{6B7F692E-FAC0-4444-B919-63C0F853FC85}.Debug|iPhoneSimulator.Deploy.0 = Debug|Any CPU
		{6B7F692E-FAC0-4444-B919-63C0F853FC85}.Debug|x64.ActiveCfg = Debug|Any CPU
		{6B7F692E-FAC0-4444-B919-63C0F853FC85}.Debug|x64.Build.0 = Debug|Any CPU
		{6B7F692E-FAC0-4444-B919-63C0F853FC85}.Debug|x64.Deploy.0 = Debug|Any CPU
		{6B7F692E-FAC0-4444-B919-63C0F853FC85}.Debug|x86.ActiveCfg = Debug|Any CPU
		{6B7F692E-FAC0-4444-B919-63C0F853FC85}.Debug|x86.Build.0 = Debug|Any CPU
		{6B7F692E-FAC0-4444-B919-63C0F853FC85}.Debug|x86.Deploy.0 = Debug|Any CPU
		{6B7F692E-FAC0-4444-B919-63C0F853FC85}.Release|Any CPU.ActiveCfg = Release|Any CPU
		{6B7F692E-FAC0-4444-B919-63C0F853FC85}.Release|Any CPU.Build.0 = Release|Any CPU
		{6B7F692E-FAC0-4444-B919-63C0F853FC85}.Release|Any CPU.Deploy.0 = Release|Any CPU
		{6B7F692E-FAC0-4444-B919-63C0F853FC85}.Release|ARM.ActiveCfg = Release|Any CPU
		{6B7F692E-FAC0-4444-B919-63C0F853FC85}.Release|ARM.Build.0 = Release|Any CPU
		{6B7F692E-FAC0-4444-B919-63C0F853FC85}.Release|ARM.Deploy.0 = Release|Any CPU
		{6B7F692E-FAC0-4444-B919-63C0F853FC85}.Release|iPhone.ActiveCfg = Release|Any CPU
		{6B7F692E-FAC0-4444-B919-63C0F853FC85}.Release|iPhone.Build.0 = Release|Any CPU
		{6B7F692E-FAC0-4444-B919-63C0F853FC85}.Release|iPhone.Deploy.0 = Release|Any CPU
		{6B7F692E-FAC0-4444-B919-63C0F853FC85}.Release|iPhoneSimulator.ActiveCfg = Release|Any CPU
		{6B7F692E-FAC0-4444-B919-63C0F853FC85}.Release|iPhoneSimulator.Build.0 = Release|Any CPU
		{6B7F692E-FAC0-4444-B919-63C0F853FC85}.Release|iPhoneSimulator.Deploy.0 = Release|Any CPU
		{6B7F692E-FAC0-4444-B919-63C0F853FC85}.Release|x64.ActiveCfg = Release|Any CPU
		{6B7F692E-FAC0-4444-B919-63C0F853FC85}.Release|x64.Build.0 = Release|Any CPU
		{6B7F692E-FAC0-4444-B919-63C0F853FC85}.Release|x64.Deploy.0 = Release|Any CPU
		{6B7F692E-FAC0-4444-B919-63C0F853FC85}.Release|x86.ActiveCfg = Release|Any CPU
		{6B7F692E-FAC0-4444-B919-63C0F853FC85}.Release|x86.Build.0 = Release|Any CPU
		{6B7F692E-FAC0-4444-B919-63C0F853FC85}.Release|x86.Deploy.0 = Release|Any CPU
		{996F6DA6-E1F7-4CD5-A9C6-3833706EE259}.Debug|Any CPU.ActiveCfg = Debug|iPhone
		{996F6DA6-E1F7-4CD5-A9C6-3833706EE259}.Debug|Any CPU.Build.0 = Debug|iPhone
		{996F6DA6-E1F7-4CD5-A9C6-3833706EE259}.Debug|Any CPU.Deploy.0 = Debug|iPhone
		{996F6DA6-E1F7-4CD5-A9C6-3833706EE259}.Debug|ARM.ActiveCfg = Debug|iPhoneSimulator
		{996F6DA6-E1F7-4CD5-A9C6-3833706EE259}.Debug|ARM.Build.0 = Debug|iPhoneSimulator
		{996F6DA6-E1F7-4CD5-A9C6-3833706EE259}.Debug|ARM.Deploy.0 = Debug|iPhoneSimulator
		{996F6DA6-E1F7-4CD5-A9C6-3833706EE259}.Debug|iPhone.ActiveCfg = Debug|iPhone
		{996F6DA6-E1F7-4CD5-A9C6-3833706EE259}.Debug|iPhone.Build.0 = Debug|iPhone
		{996F6DA6-E1F7-4CD5-A9C6-3833706EE259}.Debug|iPhone.Deploy.0 = Debug|iPhone
		{996F6DA6-E1F7-4CD5-A9C6-3833706EE259}.Debug|iPhoneSimulator.ActiveCfg = Debug|iPhoneSimulator
		{996F6DA6-E1F7-4CD5-A9C6-3833706EE259}.Debug|iPhoneSimulator.Build.0 = Debug|iPhoneSimulator
		{996F6DA6-E1F7-4CD5-A9C6-3833706EE259}.Debug|iPhoneSimulator.Deploy.0 = Debug|iPhoneSimulator
		{996F6DA6-E1F7-4CD5-A9C6-3833706EE259}.Debug|x64.ActiveCfg = Debug|iPhone
		{996F6DA6-E1F7-4CD5-A9C6-3833706EE259}.Debug|x64.Build.0 = Debug|iPhone
		{996F6DA6-E1F7-4CD5-A9C6-3833706EE259}.Debug|x64.Deploy.0 = Debug|iPhone
		{996F6DA6-E1F7-4CD5-A9C6-3833706EE259}.Debug|x86.ActiveCfg = Debug|iPhone
		{996F6DA6-E1F7-4CD5-A9C6-3833706EE259}.Debug|x86.Build.0 = Debug|iPhone
		{996F6DA6-E1F7-4CD5-A9C6-3833706EE259}.Debug|x86.Deploy.0 = Debug|iPhone
		{996F6DA6-E1F7-4CD5-A9C6-3833706EE259}.Release|Any CPU.ActiveCfg = Release|iPhone
		{996F6DA6-E1F7-4CD5-A9C6-3833706EE259}.Release|Any CPU.Build.0 = Release|iPhone
		{996F6DA6-E1F7-4CD5-A9C6-3833706EE259}.Release|Any CPU.Deploy.0 = Release|iPhone
		{996F6DA6-E1F7-4CD5-A9C6-3833706EE259}.Release|ARM.ActiveCfg = Release|iPhone
		{996F6DA6-E1F7-4CD5-A9C6-3833706EE259}.Release|ARM.Build.0 = Release|iPhone
		{996F6DA6-E1F7-4CD5-A9C6-3833706EE259}.Release|ARM.Deploy.0 = Release|iPhone
		{996F6DA6-E1F7-4CD5-A9C6-3833706EE259}.Release|iPhone.ActiveCfg = Release|iPhone
		{996F6DA6-E1F7-4CD5-A9C6-3833706EE259}.Release|iPhone.Build.0 = Release|iPhone
		{996F6DA6-E1F7-4CD5-A9C6-3833706EE259}.Release|iPhone.Deploy.0 = Release|iPhone
		{996F6DA6-E1F7-4CD5-A9C6-3833706EE259}.Release|iPhoneSimulator.ActiveCfg = Release|iPhoneSimulator
		{996F6DA6-E1F7-4CD5-A9C6-3833706EE259}.Release|iPhoneSimulator.Build.0 = Release|iPhoneSimulator
		{996F6DA6-E1F7-4CD5-A9C6-3833706EE259}.Release|iPhoneSimulator.Deploy.0 = Release|iPhoneSimulator
		{996F6DA6-E1F7-4CD5-A9C6-3833706EE259}.Release|x64.ActiveCfg = Release|iPhone
		{996F6DA6-E1F7-4CD5-A9C6-3833706EE259}.Release|x64.Build.0 = Release|iPhone
		{996F6DA6-E1F7-4CD5-A9C6-3833706EE259}.Release|x64.Deploy.0 = Release|iPhone
		{996F6DA6-E1F7-4CD5-A9C6-3833706EE259}.Release|x86.ActiveCfg = Release|iPhone
		{996F6DA6-E1F7-4CD5-A9C6-3833706EE259}.Release|x86.Build.0 = Release|iPhone
		{996F6DA6-E1F7-4CD5-A9C6-3833706EE259}.Release|x86.Deploy.0 = Release|iPhone
		{C8564AED-C5D9-4377-B54A-7E7CD3B408B0}.Debug|Any CPU.ActiveCfg = Debug|Any CPU
		{C8564AED-C5D9-4377-B54A-7E7CD3B408B0}.Debug|Any CPU.Build.0 = Debug|Any CPU
		{C8564AED-C5D9-4377-B54A-7E7CD3B408B0}.Debug|Any CPU.Deploy.0 = Debug|Any CPU
		{C8564AED-C5D9-4377-B54A-7E7CD3B408B0}.Debug|ARM.ActiveCfg = Debug|Any CPU
		{C8564AED-C5D9-4377-B54A-7E7CD3B408B0}.Debug|ARM.Build.0 = Debug|Any CPU
		{C8564AED-C5D9-4377-B54A-7E7CD3B408B0}.Debug|ARM.Deploy.0 = Debug|Any CPU
		{C8564AED-C5D9-4377-B54A-7E7CD3B408B0}.Debug|iPhone.ActiveCfg = Debug|Any CPU
		{C8564AED-C5D9-4377-B54A-7E7CD3B408B0}.Debug|iPhone.Build.0 = Debug|Any CPU
		{C8564AED-C5D9-4377-B54A-7E7CD3B408B0}.Debug|iPhone.Deploy.0 = Debug|Any CPU
		{C8564AED-C5D9-4377-B54A-7E7CD3B408B0}.Debug|iPhoneSimulator.ActiveCfg = Debug|Any CPU
		{C8564AED-C5D9-4377-B54A-7E7CD3B408B0}.Debug|iPhoneSimulator.Build.0 = Debug|Any CPU
		{C8564AED-C5D9-4377-B54A-7E7CD3B408B0}.Debug|iPhoneSimulator.Deploy.0 = Debug|Any CPU
		{C8564AED-C5D9-4377-B54A-7E7CD3B408B0}.Debug|x64.ActiveCfg = Debug|Any CPU
		{C8564AED-C5D9-4377-B54A-7E7CD3B408B0}.Debug|x64.Build.0 = Debug|Any CPU
		{C8564AED-C5D9-4377-B54A-7E7CD3B408B0}.Debug|x64.Deploy.0 = Debug|Any CPU
		{C8564AED-C5D9-4377-B54A-7E7CD3B408B0}.Debug|x86.ActiveCfg = Debug|Any CPU
		{C8564AED-C5D9-4377-B54A-7E7CD3B408B0}.Debug|x86.Build.0 = Debug|Any CPU
		{C8564AED-C5D9-4377-B54A-7E7CD3B408B0}.Debug|x86.Deploy.0 = Debug|Any CPU
		{C8564AED-C5D9-4377-B54A-7E7CD3B408B0}.Release|Any CPU.ActiveCfg = Release|Any CPU
		{C8564AED-C5D9-4377-B54A-7E7CD3B408B0}.Release|Any CPU.Build.0 = Release|Any CPU
		{C8564AED-C5D9-4377-B54A-7E7CD3B408B0}.Release|Any CPU.Deploy.0 = Release|Any CPU
		{C8564AED-C5D9-4377-B54A-7E7CD3B408B0}.Release|ARM.ActiveCfg = Release|Any CPU
		{C8564AED-C5D9-4377-B54A-7E7CD3B408B0}.Release|ARM.Build.0 = Release|Any CPU
		{C8564AED-C5D9-4377-B54A-7E7CD3B408B0}.Release|ARM.Deploy.0 = Release|Any CPU
		{C8564AED-C5D9-4377-B54A-7E7CD3B408B0}.Release|iPhone.ActiveCfg = Release|Any CPU
		{C8564AED-C5D9-4377-B54A-7E7CD3B408B0}.Release|iPhone.Build.0 = Release|Any CPU
		{C8564AED-C5D9-4377-B54A-7E7CD3B408B0}.Release|iPhone.Deploy.0 = Release|Any CPU
		{C8564AED-C5D9-4377-B54A-7E7CD3B408B0}.Release|iPhoneSimulator.ActiveCfg = Release|Any CPU
		{C8564AED-C5D9-4377-B54A-7E7CD3B408B0}.Release|iPhoneSimulator.Build.0 = Release|Any CPU
		{C8564AED-C5D9-4377-B54A-7E7CD3B408B0}.Release|iPhoneSimulator.Deploy.0 = Release|Any CPU
		{C8564AED-C5D9-4377-B54A-7E7CD3B408B0}.Release|x64.ActiveCfg = Release|Any CPU
		{C8564AED-C5D9-4377-B54A-7E7CD3B408B0}.Release|x64.Build.0 = Release|Any CPU
		{C8564AED-C5D9-4377-B54A-7E7CD3B408B0}.Release|x64.Deploy.0 = Release|Any CPU
		{C8564AED-C5D9-4377-B54A-7E7CD3B408B0}.Release|x86.ActiveCfg = Release|Any CPU
		{C8564AED-C5D9-4377-B54A-7E7CD3B408B0}.Release|x86.Build.0 = Release|Any CPU
		{C8564AED-C5D9-4377-B54A-7E7CD3B408B0}.Release|x86.Deploy.0 = Release|Any CPU
		{06EB8172-662D-4DE6-9676-22B78D531988}.Debug|Any CPU.ActiveCfg = Debug|Any CPU
		{06EB8172-662D-4DE6-9676-22B78D531988}.Debug|Any CPU.Build.0 = Debug|Any CPU
		{06EB8172-662D-4DE6-9676-22B78D531988}.Debug|Any CPU.Deploy.0 = Debug|Any CPU
		{06EB8172-662D-4DE6-9676-22B78D531988}.Debug|ARM.ActiveCfg = Debug|Any CPU
		{06EB8172-662D-4DE6-9676-22B78D531988}.Debug|ARM.Build.0 = Debug|Any CPU
		{06EB8172-662D-4DE6-9676-22B78D531988}.Debug|ARM.Deploy.0 = Debug|Any CPU
		{06EB8172-662D-4DE6-9676-22B78D531988}.Debug|iPhone.ActiveCfg = Debug|Any CPU
		{06EB8172-662D-4DE6-9676-22B78D531988}.Debug|iPhone.Build.0 = Debug|Any CPU
		{06EB8172-662D-4DE6-9676-22B78D531988}.Debug|iPhone.Deploy.0 = Debug|Any CPU
		{06EB8172-662D-4DE6-9676-22B78D531988}.Debug|iPhoneSimulator.ActiveCfg = Debug|Any CPU
		{06EB8172-662D-4DE6-9676-22B78D531988}.Debug|iPhoneSimulator.Build.0 = Debug|Any CPU
		{06EB8172-662D-4DE6-9676-22B78D531988}.Debug|iPhoneSimulator.Deploy.0 = Debug|Any CPU
		{06EB8172-662D-4DE6-9676-22B78D531988}.Debug|x64.ActiveCfg = Debug|Any CPU
		{06EB8172-662D-4DE6-9676-22B78D531988}.Debug|x64.Build.0 = Debug|Any CPU
		{06EB8172-662D-4DE6-9676-22B78D531988}.Debug|x64.Deploy.0 = Debug|Any CPU
		{06EB8172-662D-4DE6-9676-22B78D531988}.Debug|x86.ActiveCfg = Debug|Any CPU
		{06EB8172-662D-4DE6-9676-22B78D531988}.Debug|x86.Build.0 = Debug|Any CPU
		{06EB8172-662D-4DE6-9676-22B78D531988}.Debug|x86.Deploy.0 = Debug|Any CPU
		{06EB8172-662D-4DE6-9676-22B78D531988}.Release|Any CPU.ActiveCfg = Release|Any CPU
		{06EB8172-662D-4DE6-9676-22B78D531988}.Release|Any CPU.Build.0 = Release|Any CPU
		{06EB8172-662D-4DE6-9676-22B78D531988}.Release|Any CPU.Deploy.0 = Release|Any CPU
		{06EB8172-662D-4DE6-9676-22B78D531988}.Release|ARM.ActiveCfg = Release|Any CPU
		{06EB8172-662D-4DE6-9676-22B78D531988}.Release|ARM.Build.0 = Release|Any CPU
		{06EB8172-662D-4DE6-9676-22B78D531988}.Release|ARM.Deploy.0 = Release|Any CPU
		{06EB8172-662D-4DE6-9676-22B78D531988}.Release|iPhone.ActiveCfg = Release|Any CPU
		{06EB8172-662D-4DE6-9676-22B78D531988}.Release|iPhone.Build.0 = Release|Any CPU
		{06EB8172-662D-4DE6-9676-22B78D531988}.Release|iPhone.Deploy.0 = Release|Any CPU
		{06EB8172-662D-4DE6-9676-22B78D531988}.Release|iPhoneSimulator.ActiveCfg = Release|Any CPU
		{06EB8172-662D-4DE6-9676-22B78D531988}.Release|iPhoneSimulator.Build.0 = Release|Any CPU
		{06EB8172-662D-4DE6-9676-22B78D531988}.Release|iPhoneSimulator.Deploy.0 = Release|Any CPU
		{06EB8172-662D-4DE6-9676-22B78D531988}.Release|x64.ActiveCfg = Release|Any CPU
		{06EB8172-662D-4DE6-9676-22B78D531988}.Release|x64.Build.0 = Release|Any CPU
		{06EB8172-662D-4DE6-9676-22B78D531988}.Release|x64.Deploy.0 = Release|Any CPU
		{06EB8172-662D-4DE6-9676-22B78D531988}.Release|x86.ActiveCfg = Release|Any CPU
		{06EB8172-662D-4DE6-9676-22B78D531988}.Release|x86.Build.0 = Release|Any CPU
		{06EB8172-662D-4DE6-9676-22B78D531988}.Release|x86.Deploy.0 = Release|Any CPU
	EndGlobalSection
	GlobalSection(SolutionProperties) = preSolution
		HideSolutionNode = FALSE
	EndGlobalSection
	GlobalSection(ExtensibilityGlobals) = postSolution
		SolutionGuid = {2057E593-602B-44FE-839D-53F8583ACF7E}
	EndGlobalSection
EndGlobal
